// !$*UTF8*$!
{
	archiveVersion = 1;
	classes = {
	};
	objectVersion = 55;
	objects = {

/* Begin PBXBuildFile section */
		D331B779295D0245002D6A9B /* Localizable.strings in Resources */ = {isa = PBXBuildFile; fileRef = D331B77B295D0245002D6A9B /* Localizable.strings */; };
		D3867CC82950D01800876AA4 /* AppDelegate.swift in Sources */ = {isa = PBXBuildFile; fileRef = D3867CC72950D01800876AA4 /* AppDelegate.swift */; };
		D3867CCA2950D01800876AA4 /* SceneDelegate.swift in Sources */ = {isa = PBXBuildFile; fileRef = D3867CC92950D01800876AA4 /* SceneDelegate.swift */; };
		D3867CCC2950D01800876AA4 /* ListaDeTareasViewController.swift in Sources */ = {isa = PBXBuildFile; fileRef = D3867CCB2950D01800876AA4 /* ListaDeTareasViewController.swift */; };
		D3867CCF2950D01800876AA4 /* Main.storyboard in Resources */ = {isa = PBXBuildFile; fileRef = D3867CCD2950D01800876AA4 /* Main.storyboard */; };
		D3867CD22950D01800876AA4 /* Proyecto2_ListaDeTareas.xcdatamodeld in Sources */ = {isa = PBXBuildFile; fileRef = D3867CD02950D01800876AA4 /* Proyecto2_ListaDeTareas.xcdatamodeld */; };
		D3867CD42950D01A00876AA4 /* Assets.xcassets in Resources */ = {isa = PBXBuildFile; fileRef = D3867CD32950D01A00876AA4 /* Assets.xcassets */; };
		D3867CD72950D01A00876AA4 /* LaunchScreen.storyboard in Resources */ = {isa = PBXBuildFile; fileRef = D3867CD52950D01A00876AA4 /* LaunchScreen.storyboard */; };
		D3867CE1295210E000876AA4 /* ListaTableViewCell.swift in Sources */ = {isa = PBXBuildFile; fileRef = D3867CE0295210E000876AA4 /* ListaTableViewCell.swift */; };
		D3867CE82952C8A100876AA4 /* Tarea+CoreDataClass.swift in Sources */ = {isa = PBXBuildFile; fileRef = D3867CE62952C8A100876AA4 /* Tarea+CoreDataClass.swift */; };
		D3867CE92952C8A100876AA4 /* Tarea+CoreDataProperties.swift in Sources */ = {isa = PBXBuildFile; fileRef = D3867CE72952C8A100876AA4 /* Tarea+CoreDataProperties.swift */; };
		D3867CEB2959C42E00876AA4 /* TareaDataManager.swift in Sources */ = {isa = PBXBuildFile; fileRef = D3867CEA2959C42E00876AA4 /* TareaDataManager.swift */; };
		D3867CED2959CDDF00876AA4 /* Helper.swift in Sources */ = {isa = PBXBuildFile; fileRef = D3867CEC2959CDDF00876AA4 /* Helper.swift */; };
		D3867CF0295A09D300876AA4 /* TareaDetalleTableViewController.swift in Sources */ = {isa = PBXBuildFile; fileRef = D3867CEF295A09D300876AA4 /* TareaDetalleTableViewController.swift */; };
/* End PBXBuildFile section */

/* Begin PBXFileReference section */
		D331B758295CF34A002D6A9B /* es */ = {isa = PBXFileReference; lastKnownFileType = text.plist.strings; name = es; path = es.lproj/Main.strings; sourceTree = "<group>"; };
		D331B759295CF34A002D6A9B /* es */ = {isa = PBXFileReference; lastKnownFileType = text.plist.strings; name = es; path = es.lproj/LaunchScreen.strings; sourceTree = "<group>"; };
		D331B75E295CF4C9002D6A9B /* ko */ = {isa = PBXFileReference; lastKnownFileType = text.plist.strings; name = ko; path = ko.lproj/Main.strings; sourceTree = "<group>"; };
		D331B75F295CF4C9002D6A9B /* ko */ = {isa = PBXFileReference; lastKnownFileType = text.plist.strings; name = ko; path = ko.lproj/LaunchScreen.strings; sourceTree = "<group>"; };
		D331B769295CF5C6002D6A9B /* en */ = {isa = PBXFileReference; lastKnownFileType = text.plist.strings; name = en; path = en.lproj/Main.strings; sourceTree = "<group>"; };
		D331B76A295CF6D9002D6A9B /* de */ = {isa = PBXFileReference; lastKnownFileType = text.plist.strings; name = de; path = de.lproj/Main.strings; sourceTree = "<group>"; };
		D331B76B295CF6D9002D6A9B /* de */ = {isa = PBXFileReference; lastKnownFileType = text.plist.strings; name = de; path = de.lproj/LaunchScreen.strings; sourceTree = "<group>"; };
		D331B77A295D0245002D6A9B /* es */ = {isa = PBXFileReference; lastKnownFileType = text.plist.strings; name = es; path = es.lproj/Localizable.strings; sourceTree = "<group>"; };
		D331B77C295D024B002D6A9B /* ko */ = {isa = PBXFileReference; lastKnownFileType = text.plist.strings; name = ko; path = ko.lproj/Localizable.strings; sourceTree = "<group>"; };
		D331B77D295D0250002D6A9B /* de */ = {isa = PBXFileReference; lastKnownFileType = text.plist.strings; name = de; path = de.lproj/Localizable.strings; sourceTree = "<group>"; };
		D331B77E295D0253002D6A9B /* en */ = {isa = PBXFileReference; lastKnownFileType = text.plist.strings; name = en; path = en.lproj/Localizable.strings; sourceTree = "<group>"; };
		D3867CC42950D01800876AA4 /* Proyecto2_ListaDeTareas.app */ = {isa = PBXFileReference; explicitFileType = wrapper.application; includeInIndex = 0; path = Proyecto2_ListaDeTareas.app; sourceTree = BUILT_PRODUCTS_DIR; };
		D3867CC72950D01800876AA4 /* AppDelegate.swift */ = {isa = PBXFileReference; lastKnownFileType = sourcecode.swift; path = AppDelegate.swift; sourceTree = "<group>"; };
		D3867CC92950D01800876AA4 /* SceneDelegate.swift */ = {isa = PBXFileReference; lastKnownFileType = sourcecode.swift; path = SceneDelegate.swift; sourceTree = "<group>"; };
		D3867CCB2950D01800876AA4 /* ListaDeTareasViewController.swift */ = {isa = PBXFileReference; lastKnownFileType = sourcecode.swift; path = ListaDeTareasViewController.swift; sourceTree = "<group>"; };
		D3867CCE2950D01800876AA4 /* Base */ = {isa = PBXFileReference; lastKnownFileType = file.storyboard; name = Base; path = Base.lproj/Main.storyboard; sourceTree = "<group>"; };
		D3867CD12950D01800876AA4 /* Proyecto2_ListaDeTareas.xcdatamodel */ = {isa = PBXFileReference; lastKnownFileType = wrapper.xcdatamodel; path = Proyecto2_ListaDeTareas.xcdatamodel; sourceTree = "<group>"; };
		D3867CD32950D01A00876AA4 /* Assets.xcassets */ = {isa = PBXFileReference; lastKnownFileType = folder.assetcatalog; path = Assets.xcassets; sourceTree = "<group>"; };
		D3867CD62950D01A00876AA4 /* Base */ = {isa = PBXFileReference; lastKnownFileType = file.storyboard; name = Base; path = Base.lproj/LaunchScreen.storyboard; sourceTree = "<group>"; };
		D3867CD82950D01A00876AA4 /* Info.plist */ = {isa = PBXFileReference; lastKnownFileType = text.plist.xml; path = Info.plist; sourceTree = "<group>"; };
		D3867CE0295210E000876AA4 /* ListaTableViewCell.swift */ = {isa = PBXFileReference; lastKnownFileType = sourcecode.swift; path = ListaTableViewCell.swift; sourceTree = "<group>"; };
		D3867CE62952C8A100876AA4 /* Tarea+CoreDataClass.swift */ = {isa = PBXFileReference; lastKnownFileType = sourcecode.swift; path = "Tarea+CoreDataClass.swift"; sourceTree = "<group>"; };
		D3867CE72952C8A100876AA4 /* Tarea+CoreDataProperties.swift */ = {isa = PBXFileReference; lastKnownFileType = sourcecode.swift; path = "Tarea+CoreDataProperties.swift"; sourceTree = "<group>"; };
		D3867CEA2959C42E00876AA4 /* TareaDataManager.swift */ = {isa = PBXFileReference; lastKnownFileType = sourcecode.swift; path = TareaDataManager.swift; sourceTree = "<group>"; };
		D3867CEC2959CDDF00876AA4 /* Helper.swift */ = {isa = PBXFileReference; lastKnownFileType = sourcecode.swift; path = Helper.swift; sourceTree = "<group>"; };
		D3867CEF295A09D300876AA4 /* TareaDetalleTableViewController.swift */ = {isa = PBXFileReference; lastKnownFileType = sourcecode.swift; path = TareaDetalleTableViewController.swift; sourceTree = "<group>"; };
/* End PBXFileReference section */

/* Begin PBXFrameworksBuildPhase section */
		D3867CC12950D01800876AA4 /* Frameworks */ = {
			isa = PBXFrameworksBuildPhase;
			buildActionMask = 2147483647;
			files = (
			);
			runOnlyForDeploymentPostprocessing = 0;
		};
/* End PBXFrameworksBuildPhase section */

/* Begin PBXGroup section */
		D331B778295D0227002D6A9B /* Localizable */ = {
			isa = PBXGroup;
			children = (
				D331B77B295D0245002D6A9B /* Localizable.strings */,
			);
			path = Localizable;
			sourceTree = "<group>";
		};
		D3867CBB2950D01800876AA4 = {
			isa = PBXGroup;
			children = (
				D3867CC62950D01800876AA4 /* Proyecto2_ListaDeTareas */,
				D3867CC52950D01800876AA4 /* Products */,
			);
			sourceTree = "<group>";
		};
		D3867CC52950D01800876AA4 /* Products */ = {
			isa = PBXGroup;
			children = (
				D3867CC42950D01800876AA4 /* Proyecto2_ListaDeTareas.app */,
			);
			name = Products;
			sourceTree = "<group>";
		};
		D3867CC62950D01800876AA4 /* Proyecto2_ListaDeTareas */ = {
			isa = PBXGroup;
			children = (
				D331B778295D0227002D6A9B /* Localizable */,
				D3867CEE2959CEF700876AA4 /* Helper */,
				D3867CE32952907E00876AA4 /* Model */,
				D3867CE2295212B900876AA4 /* View */,
				D3867CC72950D01800876AA4 /* AppDelegate.swift */,
				D3867CC92950D01800876AA4 /* SceneDelegate.swift */,
				D3867CCB2950D01800876AA4 /* ListaDeTareasViewController.swift */,
				D3867CEF295A09D300876AA4 /* TareaDetalleTableViewController.swift */,
				D3867CCD2950D01800876AA4 /* Main.storyboard */,
				D3867CD32950D01A00876AA4 /* Assets.xcassets */,
				D3867CD52950D01A00876AA4 /* LaunchScreen.storyboard */,
				D3867CD82950D01A00876AA4 /* Info.plist */,
				D3867CD02950D01800876AA4 /* Proyecto2_ListaDeTareas.xcdatamodeld */,
			);
			path = Proyecto2_ListaDeTareas;
			sourceTree = "<group>";
		};
		D3867CE2295212B900876AA4 /* View */ = {
			isa = PBXGroup;
			children = (
				D3867CE0295210E000876AA4 /* ListaTableViewCell.swift */,
			);
			path = View;
			sourceTree = "<group>";
		};
		D3867CE32952907E00876AA4 /* Model */ = {
			isa = PBXGroup;
			children = (
				D3867CE62952C8A100876AA4 /* Tarea+CoreDataClass.swift */,
				D3867CE72952C8A100876AA4 /* Tarea+CoreDataProperties.swift */,
				D3867CEA2959C42E00876AA4 /* TareaDataManager.swift */,
			);
			path = Model;
			sourceTree = "<group>";
		};
		D3867CEE2959CEF700876AA4 /* Helper */ = {
			isa = PBXGroup;
			children = (
				D3867CEC2959CDDF00876AA4 /* Helper.swift */,
			);
			path = Helper;
			sourceTree = "<group>";
		};
/* End PBXGroup section */

/* Begin PBXNativeTarget section */
		D3867CC32950D01800876AA4 /* Proyecto2_ListaDeTareas */ = {
			isa = PBXNativeTarget;
			buildConfigurationList = D3867CDB2950D01A00876AA4 /* Build configuration list for PBXNativeTarget "Proyecto2_ListaDeTareas" */;
			buildPhases = (
				D3867CC02950D01800876AA4 /* Sources */,
				D3867CC12950D01800876AA4 /* Frameworks */,
				D3867CC22950D01800876AA4 /* Resources */,
			);
			buildRules = (
			);
			dependencies = (
			);
			name = Proyecto2_ListaDeTareas;
			productName = Proyecto2_ListaDeTareas;
			productReference = D3867CC42950D01800876AA4 /* Proyecto2_ListaDeTareas.app */;
			productType = "com.apple.product-type.application";
		};
/* End PBXNativeTarget section */

/* Begin PBXProject section */
		D3867CBC2950D01800876AA4 /* Project object */ = {
			isa = PBXProject;
			attributes = {
				BuildIndependentTargetsInParallel = 1;
				LastSwiftUpdateCheck = 1340;
				LastUpgradeCheck = 1340;
				TargetAttributes = {
					D3867CC32950D01800876AA4 = {
						CreatedOnToolsVersion = 13.4.1;
					};
				};
			};
			buildConfigurationList = D3867CBF2950D01800876AA4 /* Build configuration list for PBXProject "Proyecto2_ListaDeTareas" */;
			compatibilityVersion = "Xcode 13.0";
			developmentRegion = en;
			hasScannedForEncodings = 0;
			knownRegions = (
				en,
				Base,
				es,
				ko,
				de,
			);
			mainGroup = D3867CBB2950D01800876AA4;
			productRefGroup = D3867CC52950D01800876AA4 /* Products */;
			projectDirPath = "";
			projectRoot = "";
			targets = (
				D3867CC32950D01800876AA4 /* Proyecto2_ListaDeTareas */,
			);
		};
/* End PBXProject section */

/* Begin PBXResourcesBuildPhase section */
		D3867CC22950D01800876AA4 /* Resources */ = {
			isa = PBXResourcesBuildPhase;
			buildActionMask = 2147483647;
			files = (
				D3867CD72950D01A00876AA4 /* LaunchScreen.storyboard in Resources */,
				D331B779295D0245002D6A9B /* Localizable.strings in Resources */,
				D3867CD42950D01A00876AA4 /* Assets.xcassets in Resources */,
				D3867CCF2950D01800876AA4 /* Main.storyboard in Resources */,
			);
			runOnlyForDeploymentPostprocessing = 0;
		};
/* End PBXResourcesBuildPhase section */

/* Begin PBXSourcesBuildPhase section */
		D3867CC02950D01800876AA4 /* Sources */ = {
			isa = PBXSourcesBuildPhase;
			buildActionMask = 2147483647;
			files = (
				D3867CE1295210E000876AA4 /* ListaTableViewCell.swift in Sources */,
				D3867CE92952C8A100876AA4 /* Tarea+CoreDataProperties.swift in Sources */,
				D3867CD22950D01800876AA4 /* Proyecto2_ListaDeTareas.xcdatamodeld in Sources */,
				D3867CEB2959C42E00876AA4 /* TareaDataManager.swift in Sources */,
				D3867CCC2950D01800876AA4 /* ListaDeTareasViewController.swift in Sources */,
				D3867CED2959CDDF00876AA4 /* Helper.swift in Sources */,
				D3867CC82950D01800876AA4 /* AppDelegate.swift in Sources */,
				D3867CCA2950D01800876AA4 /* SceneDelegate.swift in Sources */,
				D3867CE82952C8A100876AA4 /* Tarea+CoreDataClass.swift in Sources */,
				D3867CF0295A09D300876AA4 /* TareaDetalleTableViewController.swift in Sources */,
			);
			runOnlyForDeploymentPostprocessing = 0;
		};
/* End PBXSourcesBuildPhase section */

/* Begin PBXVariantGroup section */
		D331B77B295D0245002D6A9B /* Localizable.strings */ = {
			isa = PBXVariantGroup;
			children = (
				D331B77A295D0245002D6A9B /* es */,
				D331B77C295D024B002D6A9B /* ko */,
				D331B77D295D0250002D6A9B /* de */,
				D331B77E295D0253002D6A9B /* en */,
			);
			name = Localizable.strings;
			sourceTree = "<group>";
		};
		D3867CCD2950D01800876AA4 /* Main.storyboard */ = {
			isa = PBXVariantGroup;
			children = (
				D3867CCE2950D01800876AA4 /* Base */,
				D331B758295CF34A002D6A9B /* es */,
				D331B75E295CF4C9002D6A9B /* ko */,
				D331B769295CF5C6002D6A9B /* en */,
				D331B76A295CF6D9002D6A9B /* de */,
			);
			name = Main.storyboard;
			sourceTree = "<group>";
		};
		D3867CD52950D01A00876AA4 /* LaunchScreen.storyboard */ = {
			isa = PBXVariantGroup;
			children = (
				D3867CD62950D01A00876AA4 /* Base */,
				D331B759295CF34A002D6A9B /* es */,
				D331B75F295CF4C9002D6A9B /* ko */,
				D331B76B295CF6D9002D6A9B /* de */,
			);
			name = LaunchScreen.storyboard;
			sourceTree = "<group>";
		};
/* End PBXVariantGroup section */

/* Begin XCBuildConfiguration section */
		D3867CD92950D01A00876AA4 /* Debug */ = {
			isa = XCBuildConfiguration;
			buildSettings = {
				ALWAYS_SEARCH_USER_PATHS = NO;
				CLANG_ANALYZER_LOCALIZABILITY_NONLOCALIZED = YES;
				CLANG_ANALYZER_NONNULL = YES;
				CLANG_ANALYZER_NUMBER_OBJECT_CONVERSION = YES_AGGRESSIVE;
				CLANG_CXX_LANGUAGE_STANDARD = "gnu++17";
				CLANG_ENABLE_MODULES = YES;
				CLANG_ENABLE_OBJC_ARC = YES;
				CLANG_ENABLE_OBJC_WEAK = YES;
				CLANG_WARN_BLOCK_CAPTURE_AUTORELEASING = YES;
				CLANG_WARN_BOOL_CONVERSION = YES;
				CLANG_WARN_COMMA = YES;
				CLANG_WARN_CONSTANT_CONVERSION = YES;
				CLANG_WARN_DEPRECATED_OBJC_IMPLEMENTATIONS = YES;
				CLANG_WARN_DIRECT_OBJC_ISA_USAGE = YES_ERROR;
				CLANG_WARN_DOCUMENTATION_COMMENTS = YES;
				CLANG_WARN_EMPTY_BODY = YES;
				CLANG_WARN_ENUM_CONVERSION = YES;
				CLANG_WARN_INFINITE_RECURSION = YES;
				CLANG_WARN_INT_CONVERSION = YES;
				CLANG_WARN_NON_LITERAL_NULL_CONVERSION = YES;
				CLANG_WARN_OBJC_IMPLICIT_RETAIN_SELF = YES;
				CLANG_WARN_OBJC_LITERAL_CONVERSION = YES;
				CLANG_WARN_OBJC_ROOT_CLASS = YES_ERROR;
				CLANG_WARN_QUOTED_INCLUDE_IN_FRAMEWORK_HEADER = YES;
				CLANG_WARN_RANGE_LOOP_ANALYSIS = YES;
				CLANG_WARN_STRICT_PROTOTYPES = YES;
				CLANG_WARN_SUSPICIOUS_MOVE = YES;
				CLANG_WARN_UNGUARDED_AVAILABILITY = YES_AGGRESSIVE;
				CLANG_WARN_UNREACHABLE_CODE = YES;
				CLANG_WARN__DUPLICATE_METHOD_MATCH = YES;
				COPY_PHASE_STRIP = NO;
				DEBUG_INFORMATION_FORMAT = dwarf;
				ENABLE_STRICT_OBJC_MSGSEND = YES;
				ENABLE_TESTABILITY = YES;
				GCC_C_LANGUAGE_STANDARD = gnu11;
				GCC_DYNAMIC_NO_PIC = NO;
				GCC_NO_COMMON_BLOCKS = YES;
				GCC_OPTIMIZATION_LEVEL = 0;
				GCC_PREPROCESSOR_DEFINITIONS = (
					"DEBUG=1",
					"$(inherited)",
				);
				GCC_WARN_64_TO_32_BIT_CONVERSION = YES;
				GCC_WARN_ABOUT_RETURN_TYPE = YES_ERROR;
				GCC_WARN_UNDECLARED_SELECTOR = YES;
				GCC_WARN_UNINITIALIZED_AUTOS = YES_AGGRESSIVE;
				GCC_WARN_UNUSED_FUNCTION = YES;
				GCC_WARN_UNUSED_VARIABLE = YES;
				IPHONEOS_DEPLOYMENT_TARGET = 15.5;
				MTL_ENABLE_DEBUG_INFO = INCLUDE_SOURCE;
				MTL_FAST_MATH = YES;
				ONLY_ACTIVE_ARCH = YES;
				SDKROOT = iphoneos;
				SWIFT_ACTIVE_COMPILATION_CONDITIONS = DEBUG;
				SWIFT_OPTIMIZATION_LEVEL = "-Onone";
			};
			name = Debug;
		};
		D3867CDA2950D01A00876AA4 /* Release */ = {
			isa = XCBuildConfiguration;
			buildSettings = {
				ALWAYS_SEARCH_USER_PATHS = NO;
				CLANG_ANALYZER_LOCALIZABILITY_NONLOCALIZED = YES;
				CLANG_ANALYZER_NONNULL = YES;
				CLANG_ANALYZER_NUMBER_OBJECT_CONVERSION = YES_AGGRESSIVE;
				CLANG_CXX_LANGUAGE_STANDARD = "gnu++17";
				CLANG_ENABLE_MODULES = YES;
				CLANG_ENABLE_OBJC_ARC = YES;
				CLANG_ENABLE_OBJC_WEAK = YES;
				CLANG_WARN_BLOCK_CAPTURE_AUTORELEASING = YES;
				CLANG_WARN_BOOL_CONVERSION = YES;
				CLANG_WARN_COMMA = YES;
				CLANG_WARN_CONSTANT_CONVERSION = YES;
				CLANG_WARN_DEPRECATED_OBJC_IMPLEMENTATIONS = YES;
				CLANG_WARN_DIRECT_OBJC_ISA_USAGE = YES_ERROR;
				CLANG_WARN_DOCUMENTATION_COMMENTS = YES;
				CLANG_WARN_EMPTY_BODY = YES;
				CLANG_WARN_ENUM_CONVERSION = YES;
				CLANG_WARN_INFINITE_RECURSION = YES;
				CLANG_WARN_INT_CONVERSION = YES;
				CLANG_WARN_NON_LITERAL_NULL_CONVERSION = YES;
				CLANG_WARN_OBJC_IMPLICIT_RETAIN_SELF = YES;
				CLANG_WARN_OBJC_LITERAL_CONVERSION = YES;
				CLANG_WARN_OBJC_ROOT_CLASS = YES_ERROR;
				CLANG_WARN_QUOTED_INCLUDE_IN_FRAMEWORK_HEADER = YES;
				CLANG_WARN_RANGE_LOOP_ANALYSIS = YES;
				CLANG_WARN_STRICT_PROTOTYPES = YES;
				CLANG_WARN_SUSPICIOUS_MOVE = YES;
				CLANG_WARN_UNGUARDED_AVAILABILITY = YES_AGGRESSIVE;
				CLANG_WARN_UNREACHABLE_CODE = YES;
				CLANG_WARN__DUPLICATE_METHOD_MATCH = YES;
				COPY_PHASE_STRIP = NO;
				DEBUG_INFORMATION_FORMAT = "dwarf-with-dsym";
				ENABLE_NS_ASSERTIONS = NO;
				ENABLE_STRICT_OBJC_MSGSEND = YES;
				GCC_C_LANGUAGE_STANDARD = gnu11;
				GCC_NO_COMMON_BLOCKS = YES;
				GCC_WARN_64_TO_32_BIT_CONVERSION = YES;
				GCC_WARN_ABOUT_RETURN_TYPE = YES_ERROR;
				GCC_WARN_UNDECLARED_SELECTOR = YES;
				GCC_WARN_UNINITIALIZED_AUTOS = YES_AGGRESSIVE;
				GCC_WARN_UNUSED_FUNCTION = YES;
				GCC_WARN_UNUSED_VARIABLE = YES;
				IPHONEOS_DEPLOYMENT_TARGET = 15.5;
				MTL_ENABLE_DEBUG_INFO = NO;
				MTL_FAST_MATH = YES;
				SDKROOT = iphoneos;
				SWIFT_COMPILATION_MODE = wholemodule;
				SWIFT_OPTIMIZATION_LEVEL = "-O";
				VALIDATE_PRODUCT = YES;
			};
			name = Release;
		};
		D3867CDC2950D01A00876AA4 /* Debug */ = {
			isa = XCBuildConfiguration;
			buildSettings = {
				ASSETCATALOG_COMPILER_APPICON_NAME = AppIcon;
				ASSETCATALOG_COMPILER_GLOBAL_ACCENT_COLOR_NAME = AccentColor;
				CODE_SIGN_STYLE = Automatic;
				CURRENT_PROJECT_VERSION = 1;
				DEVELOPMENT_TEAM = 4884S82QUG;
				GENERATE_INFOPLIST_FILE = YES;
				INFOPLIST_FILE = Proyecto2_ListaDeTareas/Info.plist;
				INFOPLIST_KEY_UIApplicationSupportsIndirectInputEvents = YES;
				INFOPLIST_KEY_UILaunchStoryboardName = LaunchScreen;
				INFOPLIST_KEY_UIMainStoryboardFile = Main;
				INFOPLIST_KEY_UISupportedInterfaceOrientations_iPad = "UIInterfaceOrientationPortrait UIInterfaceOrientationPortraitUpsideDown UIInterfaceOrientationLandscapeLeft UIInterfaceOrientationLandscapeRight";
				INFOPLIST_KEY_UISupportedInterfaceOrientations_iPhone = "UIInterfaceOrientationPortrait UIInterfaceOrientationLandscapeLeft UIInterfaceOrientationLandscapeRight";
				LD_RUNPATH_SEARCH_PATHS = (
					"$(inherited)",
					"@executable_path/Frameworks",
				);
				MARKETING_VERSION = 1.0;
				PRODUCT_BUNDLE_IDENTIFIER = "com.OmarNC.Proyecto2-ListaDeTareas";
				PRODUCT_NAME = "$(TARGET_NAME)";
				SWIFT_EMIT_LOC_STRINGS = YES;
				SWIFT_VERSION = 5.0;
				TARGETED_DEVICE_FAMILY = "1,2";
			};
			name = Debug;
		};
		D3867CDD2950D01A00876AA4 /* Release */ = {
			isa = XCBuildConfiguration;
			buildSettings = {
				ASSETCATALOG_COMPILER_APPICON_NAME = AppIcon;
				ASSETCATALOG_COMPILER_GLOBAL_ACCENT_COLOR_NAME = AccentColor;
				CODE_SIGN_STYLE = Automatic;
				CURRENT_PROJECT_VERSION = 1;
				DEVELOPMENT_TEAM = 4884S82QUG;
				GENERATE_INFOPLIST_FILE = YES;
				INFOPLIST_FILE = Proyecto2_ListaDeTareas/Info.plist;
				INFOPLIST_KEY_UIApplicationSupportsIndirectInputEvents = YES;
				INFOPLIST_KEY_UILaunchStoryboardName = LaunchScreen;
				INFOPLIST_KEY_UIMainStoryboardFile = Main;
				INFOPLIST_KEY_UISupportedInterfaceOrientations_iPad = "UIInterfaceOrientationPortrait UIInterfaceOrientationPortraitUpsideDown UIInterfaceOrientationLandscapeLeft UIInterfaceOrientationLandscapeRight";
				INFOPLIST_KEY_UISupportedInterfaceOrientations_iPhone = "UIInterfaceOrientationPortrait UIInterfaceOrientationLandscapeLeft UIInterfaceOrientationLandscapeRight";
				LD_RUNPATH_SEARCH_PATHS = (
					"$(inherited)",
					"@executable_path/Frameworks",
				);
				MARKETING_VERSION = 1.0;
				PRODUCT_BUNDLE_IDENTIFIER = "com.OmarNC.Proyecto2-ListaDeTareas";
				PRODUCT_NAME = "$(TARGET_NAME)";
				SWIFT_EMIT_LOC_STRINGS = YES;
				SWIFT_VERSION = 5.0;
				TARGETED_DEVICE_FAMILY = "1,2";
			};
			name = Release;
		};
/* End XCBuildConfiguration section */

/* Begin XCConfigurationList section */
		D3867CBF2950D01800876AA4 /* Build configuration list for PBXProject "Proyecto2_ListaDeTareas" */ = {
			isa = XCConfigurationList;
			buildConfigurations = (
				D3867CD92950D01A00876AA4 /* Debug */,
				D3867CDA2950D01A00876AA4 /* Release */,
			);
			defaultConfigurationIsVisible = 0;
			defaultConfigurationName = Release;
		};
		D3867CDB2950D01A00876AA4 /* Build configuration list for PBXNativeTarget "Proyecto2_ListaDeTareas" */ = {
			isa = XCConfigurationList;
			buildConfigurations = (
				D3867CDC2950D01A00876AA4 /* Debug */,
				D3867CDD2950D01A00876AA4 /* Release */,
			);
			defaultConfigurationIsVisible = 0;
			defaultConfigurationName = Release;
		};
/* End XCConfigurationList section */

/* Begin XCVersionGroup section */
		D3867CD02950D01800876AA4 /* Proyecto2_ListaDeTareas.xcdatamodeld */ = {
			isa = XCVersionGroup;
			children = (
				D3867CD12950D01800876AA4 /* Proyecto2_ListaDeTareas.xcdatamodel */,
			);
			currentVersion = D3867CD12950D01800876AA4 /* Proyecto2_ListaDeTareas.xcdatamodel */;
			path = Proyecto2_ListaDeTareas.xcdatamodeld;
			sourceTree = "<group>";
			versionGroupType = wrapper.xcdatamodel;
		};
/* End XCVersionGroup section */
	};
	rootObject = D3867CBC2950D01800876AA4 /* Project object */;
}
